// !$*UTF8*$!
{
	archiveVersion = 1;
	classes = {
	};
	objectVersion = 50;
	objects = {

/* Begin PBXBuildFile section */
		5122942024FE7492008B9DB8 /* Color_View_ExamplesApp.swift in Sources */ = {isa = PBXBuildFile; fileRef = 5122940D24FE7490008B9DB8 /* Color_View_ExamplesApp.swift */; };
		5122942124FE7492008B9DB8 /* Color_View_ExamplesApp.swift in Sources */ = {isa = PBXBuildFile; fileRef = 5122940D24FE7490008B9DB8 /* Color_View_ExamplesApp.swift */; };
		5122942224FE7492008B9DB8 /* ContentView.swift in Sources */ = {isa = PBXBuildFile; fileRef = 5122940E24FE7490008B9DB8 /* ContentView.swift */; };
		5122942324FE7492008B9DB8 /* ContentView.swift in Sources */ = {isa = PBXBuildFile; fileRef = 5122940E24FE7490008B9DB8 /* ContentView.swift */; };
		5122942424FE7492008B9DB8 /* Assets.xcassets in Resources */ = {isa = PBXBuildFile; fileRef = 5122940F24FE7492008B9DB8 /* Assets.xcassets */; };
		5122942524FE7492008B9DB8 /* Assets.xcassets in Resources */ = {isa = PBXBuildFile; fileRef = 5122940F24FE7492008B9DB8 /* Assets.xcassets */; };
		5122942F24FE74B2008B9DB8 /* SolidColorScreenView.swift in Sources */ = {isa = PBXBuildFile; fileRef = 5122942E24FE74B2008B9DB8 /* SolidColorScreenView.swift */; };
		5122943024FE74B2008B9DB8 /* SolidColorScreenView.swift in Sources */ = {isa = PBXBuildFile; fileRef = 5122942E24FE74B2008B9DB8 /* SolidColorScreenView.swift */; };
		5122943224FE771D008B9DB8 /* FiniteSizeColorView.swift in Sources */ = {isa = PBXBuildFile; fileRef = 5122943124FE771D008B9DB8 /* FiniteSizeColorView.swift */; };
		5122943324FE771D008B9DB8 /* FiniteSizeColorView.swift in Sources */ = {isa = PBXBuildFile; fileRef = 5122943124FE771D008B9DB8 /* FiniteSizeColorView.swift */; };
		5122943524FE789E008B9DB8 /* ColorAsBackgroundView.swift in Sources */ = {isa = PBXBuildFile; fileRef = 5122943424FE789E008B9DB8 /* ColorAsBackgroundView.swift */; };
		5122943624FE789E008B9DB8 /* ColorAsBackgroundView.swift in Sources */ = {isa = PBXBuildFile; fileRef = 5122943424FE789E008B9DB8 /* ColorAsBackgroundView.swift */; };
		5132A9AF25011A78008366D6 /* SharingView.swift in Sources */ = {isa = PBXBuildFile; fileRef = 5132A9AE25011A78008366D6 /* SharingView.swift */; };
		5132A9B025011A78008366D6 /* SharingView.swift in Sources */ = {isa = PBXBuildFile; fileRef = 5132A9AE25011A78008366D6 /* SharingView.swift */; };
		5132A9B225013134008366D6 /* InitializersView.swift in Sources */ = {isa = PBXBuildFile; fileRef = 5132A9B125013134008366D6 /* InitializersView.swift */; };
		5132A9B325013134008366D6 /* InitializersView.swift in Sources */ = {isa = PBXBuildFile; fileRef = 5132A9B125013134008366D6 /* InitializersView.swift */; };
		5132A9B52501319E008366D6 /* LightAndDarkModeView.swift in Sources */ = {isa = PBXBuildFile; fileRef = 5132A9B42501319E008366D6 /* LightAndDarkModeView.swift */; };
		5132A9B62501319E008366D6 /* LightAndDarkModeView.swift in Sources */ = {isa = PBXBuildFile; fileRef = 5132A9B42501319E008366D6 /* LightAndDarkModeView.swift */; };
/* End PBXBuildFile section */

/* Begin PBXFileReference section */
		5122940D24FE7490008B9DB8 /* Color_View_ExamplesApp.swift */ = {isa = PBXFileReference; lastKnownFileType = sourcecode.swift; path = Color_View_ExamplesApp.swift; sourceTree = "<group>"; };
		5122940E24FE7490008B9DB8 /* ContentView.swift */ = {isa = PBXFileReference; lastKnownFileType = sourcecode.swift; path = ContentView.swift; sourceTree = "<group>"; };
		5122940F24FE7492008B9DB8 /* Assets.xcassets */ = {isa = PBXFileReference; lastKnownFileType = folder.assetcatalog; path = Assets.xcassets; sourceTree = "<group>"; };
		5122941424FE7492008B9DB8 /* Color View Examples.app */ = {isa = PBXFileReference; explicitFileType = wrapper.application; includeInIndex = 0; path = "Color View Examples.app"; sourceTree = BUILT_PRODUCTS_DIR; };
		5122941724FE7492008B9DB8 /* Info.plist */ = {isa = PBXFileReference; lastKnownFileType = text.plist.xml; path = Info.plist; sourceTree = "<group>"; };
		5122941C24FE7492008B9DB8 /* Color View Examples.app */ = {isa = PBXFileReference; explicitFileType = wrapper.application; includeInIndex = 0; path = "Color View Examples.app"; sourceTree = BUILT_PRODUCTS_DIR; };
		5122941E24FE7492008B9DB8 /* Info.plist */ = {isa = PBXFileReference; lastKnownFileType = text.plist.xml; path = Info.plist; sourceTree = "<group>"; };
		5122941F24FE7492008B9DB8 /* macOS.entitlements */ = {isa = PBXFileReference; lastKnownFileType = text.plist.entitlements; path = macOS.entitlements; sourceTree = "<group>"; };
		5122942E24FE74B2008B9DB8 /* SolidColorScreenView.swift */ = {isa = PBXFileReference; lastKnownFileType = sourcecode.swift; path = SolidColorScreenView.swift; sourceTree = "<group>"; };
		5122943124FE771D008B9DB8 /* FiniteSizeColorView.swift */ = {isa = PBXFileReference; lastKnownFileType = sourcecode.swift; path = FiniteSizeColorView.swift; sourceTree = "<group>"; };
		5122943424FE789E008B9DB8 /* ColorAsBackgroundView.swift */ = {isa = PBXFileReference; lastKnownFileType = sourcecode.swift; path = ColorAsBackgroundView.swift; sourceTree = "<group>"; };
		5132A9AE25011A78008366D6 /* SharingView.swift */ = {isa = PBXFileReference; lastKnownFileType = sourcecode.swift; path = SharingView.swift; sourceTree = "<group>"; };
		5132A9B125013134008366D6 /* InitializersView.swift */ = {isa = PBXFileReference; lastKnownFileType = sourcecode.swift; path = InitializersView.swift; sourceTree = "<group>"; };
		5132A9B42501319E008366D6 /* LightAndDarkModeView.swift */ = {isa = PBXFileReference; lastKnownFileType = sourcecode.swift; path = LightAndDarkModeView.swift; sourceTree = "<group>"; };
/* End PBXFileReference section */

/* Begin PBXFrameworksBuildPhase section */
		5122941124FE7492008B9DB8 /* Frameworks */ = {
			isa = PBXFrameworksBuildPhase;
			buildActionMask = 2147483647;
			files = (
			);
			runOnlyForDeploymentPostprocessing = 0;
		};
		5122941924FE7492008B9DB8 /* Frameworks */ = {
			isa = PBXFrameworksBuildPhase;
			buildActionMask = 2147483647;
			files = (
			);
			runOnlyForDeploymentPostprocessing = 0;
		};
/* End PBXFrameworksBuildPhase section */

/* Begin PBXGroup section */
		5122940724FE7490008B9DB8 = {
			isa = PBXGroup;
			children = (
				5122940C24FE7490008B9DB8 /* Shared */,
				5122941624FE7492008B9DB8 /* iOS */,
				5122941D24FE7492008B9DB8 /* macOS */,
				5122941524FE7492008B9DB8 /* Products */,
			);
			sourceTree = "<group>";
		};
		5122940C24FE7490008B9DB8 /* Shared */ = {
			isa = PBXGroup;
			children = (
				5122940D24FE7490008B9DB8 /* Color_View_ExamplesApp.swift */,
				5122940E24FE7490008B9DB8 /* ContentView.swift */,
				5122942E24FE74B2008B9DB8 /* SolidColorScreenView.swift */,
				5132A9AE25011A78008366D6 /* SharingView.swift */,
				5122943424FE789E008B9DB8 /* ColorAsBackgroundView.swift */,
				5122943124FE771D008B9DB8 /* FiniteSizeColorView.swift */,
				5132A9B42501319E008366D6 /* LightAndDarkModeView.swift */,
				5132A9B125013134008366D6 /* InitializersView.swift */,
				5122940F24FE7492008B9DB8 /* Assets.xcassets */,
			);
			path = Shared;
			sourceTree = "<group>";
		};
		5122941524FE7492008B9DB8 /* Products */ = {
			isa = PBXGroup;
			children = (
				5122941424FE7492008B9DB8 /* Color View Examples.app */,
				5122941C24FE7492008B9DB8 /* Color View Examples.app */,
			);
			name = Products;
			sourceTree = "<group>";
		};
		5122941624FE7492008B9DB8 /* iOS */ = {
			isa = PBXGroup;
			children = (
				5122941724FE7492008B9DB8 /* Info.plist */,
			);
			path = iOS;
			sourceTree = "<group>";
		};
		5122941D24FE7492008B9DB8 /* macOS */ = {
			isa = PBXGroup;
			children = (
				5122941E24FE7492008B9DB8 /* Info.plist */,
				5122941F24FE7492008B9DB8 /* macOS.entitlements */,
			);
			path = macOS;
			sourceTree = "<group>";
		};
/* End PBXGroup section */

/* Begin PBXNativeTarget section */
		5122941324FE7492008B9DB8 /* Color View Examples (iOS) */ = {
			isa = PBXNativeTarget;
			buildConfigurationList = 5122942824FE7492008B9DB8 /* Build configuration list for PBXNativeTarget "Color View Examples (iOS)" */;
			buildPhases = (
				5122941024FE7492008B9DB8 /* Sources */,
				5122941124FE7492008B9DB8 /* Frameworks */,
				5122941224FE7492008B9DB8 /* Resources */,
			);
			buildRules = (
			);
			dependencies = (
			);
			name = "Color View Examples (iOS)";
			productName = "Color View Examples (iOS)";
			productReference = 5122941424FE7492008B9DB8 /* Color View Examples.app */;
			productType = "com.apple.product-type.application";
		};
		5122941B24FE7492008B9DB8 /* Color View Examples (macOS) */ = {
			isa = PBXNativeTarget;
			buildConfigurationList = 5122942B24FE7492008B9DB8 /* Build configuration list for PBXNativeTarget "Color View Examples (macOS)" */;
			buildPhases = (
				5122941824FE7492008B9DB8 /* Sources */,
				5122941924FE7492008B9DB8 /* Frameworks */,
				5122941A24FE7492008B9DB8 /* Resources */,
			);
			buildRules = (
			);
			dependencies = (
			);
			name = "Color View Examples (macOS)";
			productName = "Color View Examples (macOS)";
			productReference = 5122941C24FE7492008B9DB8 /* Color View Examples.app */;
			productType = "com.apple.product-type.application";
		};
/* End PBXNativeTarget section */

/* Begin PBXProject section */
		5122940824FE7490008B9DB8 /* Project object */ = {
			isa = PBXProject;
			attributes = {
				LastSwiftUpdateCheck = 1200;
				LastUpgradeCheck = 1200;
				TargetAttributes = {
					5122941324FE7492008B9DB8 = {
						CreatedOnToolsVersion = 12.0;
					};
					5122941B24FE7492008B9DB8 = {
						CreatedOnToolsVersion = 12.0;
					};
				};
			};
			buildConfigurationList = 5122940B24FE7490008B9DB8 /* Build configuration list for PBXProject "Color View Examples" */;
			compatibilityVersion = "Xcode 9.3";
			developmentRegion = en;
			hasScannedForEncodings = 0;
			knownRegions = (
				en,
				Base,
			);
			mainGroup = 5122940724FE7490008B9DB8;
			productRefGroup = 5122941524FE7492008B9DB8 /* Products */;
			projectDirPath = "";
			projectRoot = "";
			targets = (
				5122941324FE7492008B9DB8 /* Color View Examples (iOS) */,
				5122941B24FE7492008B9DB8 /* Color View Examples (macOS) */,
			);
		};
/* End PBXProject section */

/* Begin PBXResourcesBuildPhase section */
		5122941224FE7492008B9DB8 /* Resources */ = {
			isa = PBXResourcesBuildPhase;
			buildActionMask = 2147483647;
			files = (
				5122942424FE7492008B9DB8 /* Assets.xcassets in Resources */,
			);
			runOnlyForDeploymentPostprocessing = 0;
		};
		5122941A24FE7492008B9DB8 /* Resources */ = {
			isa = PBXResourcesBuildPhase;
			buildActionMask = 2147483647;
			files = (
				5122942524FE7492008B9DB8 /* Assets.xcassets in Resources */,
			);
			runOnlyForDeploymentPostprocessing = 0;
		};
/* End PBXResourcesBuildPhase section */

/* Begin PBXSourcesBuildPhase section */
		5122941024FE7492008B9DB8 /* Sources */ = {
			isa = PBXSourcesBuildPhase;
			buildActionMask = 2147483647;
			files = (
				5122943224FE771D008B9DB8 /* FiniteSizeColorView.swift in Sources */,
				5132A9B225013134008366D6 /* InitializersView.swift in Sources */,
				5132A9B52501319E008366D6 /* LightAndDarkModeView.swift in Sources */,
				5122943524FE789E008B9DB8 /* ColorAsBackgroundView.swift in Sources */,
				5122942F24FE74B2008B9DB8 /* SolidColorScreenView.swift in Sources */,
				5132A9AF25011A78008366D6 /* SharingView.swift in Sources */,
				5122942224FE7492008B9DB8 /* ContentView.swift in Sources */,
				5122942024FE7492008B9DB8 /* Color_View_ExamplesApp.swift in Sources */,
			);
			runOnlyForDeploymentPostprocessing = 0;
		};
		5122941824FE7492008B9DB8 /* Sources */ = {
			isa = PBXSourcesBuildPhase;
			buildActionMask = 2147483647;
			files = (
				5122943324FE771D008B9DB8 /* FiniteSizeColorView.swift in Sources */,
				5132A9B325013134008366D6 /* InitializersView.swift in Sources */,
				5132A9B62501319E008366D6 /* LightAndDarkModeView.swift in Sources */,
				5122943624FE789E008B9DB8 /* ColorAsBackgroundView.swift in Sources */,
				5122943024FE74B2008B9DB8 /* SolidColorScreenView.swift in Sources */,
				5132A9B025011A78008366D6 /* SharingView.swift in Sources */,
				5122942324FE7492008B9DB8 /* ContentView.swift in Sources */,
				5122942124FE7492008B9DB8 /* Color_View_ExamplesApp.swift in Sources */,
			);
			runOnlyForDeploymentPostprocessing = 0;
		};
/* End PBXSourcesBuildPhase section */

/* Begin XCBuildConfiguration section */
		5122942624FE7492008B9DB8 /* Debug */ = {
			isa = XCBuildConfiguration;
			buildSettings = {
				ALWAYS_SEARCH_USER_PATHS = NO;
				CLANG_ANALYZER_NONNULL = YES;
				CLANG_ANALYZER_NUMBER_OBJECT_CONVERSION = YES_AGGRESSIVE;
				CLANG_CXX_LANGUAGE_STANDARD = "gnu++14";
				CLANG_CXX_LIBRARY = "libc++";
				CLANG_ENABLE_MODULES = YES;
				CLANG_ENABLE_OBJC_ARC = YES;
				CLANG_ENABLE_OBJC_WEAK = YES;
				CLANG_WARN_BLOCK_CAPTURE_AUTORELEASING = YES;
				CLANG_WARN_BOOL_CONVERSION = YES;
				CLANG_WARN_COMMA = YES;
				CLANG_WARN_CONSTANT_CONVERSION = YES;
				CLANG_WARN_DEPRECATED_OBJC_IMPLEMENTATIONS = YES;
				CLANG_WARN_DIRECT_OBJC_ISA_USAGE = YES_ERROR;
				CLANG_WARN_DOCUMENTATION_COMMENTS = YES;
				CLANG_WARN_EMPTY_BODY = YES;
				CLANG_WARN_ENUM_CONVERSION = YES;
				CLANG_WARN_INFINITE_RECURSION = YES;
				CLANG_WARN_INT_CONVERSION = YES;
				CLANG_WARN_NON_LITERAL_NULL_CONVERSION = YES;
				CLANG_WARN_OBJC_IMPLICIT_RETAIN_SELF = YES;
				CLANG_WARN_OBJC_LITERAL_CONVERSION = YES;
				CLANG_WARN_OBJC_ROOT_CLASS = YES_ERROR;
				CLANG_WARN_QUOTED_INCLUDE_IN_FRAMEWORK_HEADER = YES;
				CLANG_WARN_RANGE_LOOP_ANALYSIS = YES;
				CLANG_WARN_STRICT_PROTOTYPES = YES;
				CLANG_WARN_SUSPICIOUS_MOVE = YES;
				CLANG_WARN_UNGUARDED_AVAILABILITY = YES_AGGRESSIVE;
				CLANG_WARN_UNREACHABLE_CODE = YES;
				CLANG_WARN__DUPLICATE_METHOD_MATCH = YES;
				COPY_PHASE_STRIP = NO;
				DEBUG_INFORMATION_FORMAT = dwarf;
				ENABLE_STRICT_OBJC_MSGSEND = YES;
				ENABLE_TESTABILITY = YES;
				GCC_C_LANGUAGE_STANDARD = gnu11;
				GCC_DYNAMIC_NO_PIC = NO;
				GCC_NO_COMMON_BLOCKS = YES;
				GCC_OPTIMIZATION_LEVEL = 0;
				GCC_PREPROCESSOR_DEFINITIONS = (
					"DEBUG=1",
					"$(inherited)",
				);
				GCC_WARN_64_TO_32_BIT_CONVERSION = YES;
				GCC_WARN_ABOUT_RETURN_TYPE = YES_ERROR;
				GCC_WARN_UNDECLARED_SELECTOR = YES;
				GCC_WARN_UNINITIALIZED_AUTOS = YES_AGGRESSIVE;
				GCC_WARN_UNUSED_FUNCTION = YES;
				GCC_WARN_UNUSED_VARIABLE = YES;
				MTL_ENABLE_DEBUG_INFO = INCLUDE_SOURCE;
				MTL_FAST_MATH = YES;
				ONLY_ACTIVE_ARCH = YES;
				SWIFT_ACTIVE_COMPILATION_CONDITIONS = DEBUG;
				SWIFT_OPTIMIZATION_LEVEL = "-Onone";
			};
			name = Debug;
		};
		5122942724FE7492008B9DB8 /* Release */ = {
			isa = XCBuildConfiguration;
			buildSettings = {
				ALWAYS_SEARCH_USER_PATHS = NO;
				CLANG_ANALYZER_NONNULL = YES;
				CLANG_ANALYZER_NUMBER_OBJECT_CONVERSION = YES_AGGRESSIVE;
				CLANG_CXX_LANGUAGE_STANDARD = "gnu++14";
				CLANG_CXX_LIBRARY = "libc++";
				CLANG_ENABLE_MODULES = YES;
				CLANG_ENABLE_OBJC_ARC = YES;
				CLANG_ENABLE_OBJC_WEAK = YES;
				CLANG_WARN_BLOCK_CAPTURE_AUTORELEASING = YES;
				CLANG_WARN_BOOL_CONVERSION = YES;
				CLANG_WARN_COMMA = YES;
				CLANG_WARN_CONSTANT_CONVERSION = YES;
				CLANG_WARN_DEPRECATED_OBJC_IMPLEMENTATIONS = YES;
				CLANG_WARN_DIRECT_OBJC_ISA_USAGE = YES_ERROR;
				CLANG_WARN_DOCUMENTATION_COMMENTS = YES;
				CLANG_WARN_EMPTY_BODY = YES;
				CLANG_WARN_ENUM_CONVERSION = YES;
				CLANG_WARN_INFINITE_RECURSION = YES;
				CLANG_WARN_INT_CONVERSION = YES;
				CLANG_WARN_NON_LITERAL_NULL_CONVERSION = YES;
				CLANG_WARN_OBJC_IMPLICIT_RETAIN_SELF = YES;
				CLANG_WARN_OBJC_LITERAL_CONVERSION = YES;
				CLANG_WARN_OBJC_ROOT_CLASS = YES_ERROR;
				CLANG_WARN_QUOTED_INCLUDE_IN_FRAMEWORK_HEADER = YES;
				CLANG_WARN_RANGE_LOOP_ANALYSIS = YES;
				CLANG_WARN_STRICT_PROTOTYPES = YES;
				CLANG_WARN_SUSPICIOUS_MOVE = YES;
				CLANG_WARN_UNGUARDED_AVAILABILITY = YES_AGGRESSIVE;
				CLANG_WARN_UNREACHABLE_CODE = YES;
				CLANG_WARN__DUPLICATE_METHOD_MATCH = YES;
				COPY_PHASE_STRIP = NO;
				DEBUG_INFORMATION_FORMAT = "dwarf-with-dsym";
				ENABLE_NS_ASSERTIONS = NO;
				ENABLE_STRICT_OBJC_MSGSEND = YES;
				GCC_C_LANGUAGE_STANDARD = gnu11;
				GCC_NO_COMMON_BLOCKS = YES;
				GCC_WARN_64_TO_32_BIT_CONVERSION = YES;
				GCC_WARN_ABOUT_RETURN_TYPE = YES_ERROR;
				GCC_WARN_UNDECLARED_SELECTOR = YES;
				GCC_WARN_UNINITIALIZED_AUTOS = YES_AGGRESSIVE;
				GCC_WARN_UNUSED_FUNCTION = YES;
				GCC_WARN_UNUSED_VARIABLE = YES;
				MTL_ENABLE_DEBUG_INFO = NO;
				MTL_FAST_MATH = YES;
				SWIFT_COMPILATION_MODE = wholemodule;
				SWIFT_OPTIMIZATION_LEVEL = "-O";
			};
			name = Release;
		};
		5122942924FE7492008B9DB8 /* Debug */ = {
			isa = XCBuildConfiguration;
			buildSettings = {
				ASSETCATALOG_COMPILER_APPICON_NAME = AppIcon;
				ASSETCATALOG_COMPILER_GLOBAL_ACCENT_COLOR_NAME = AccentColor;
				CODE_SIGN_STYLE = Automatic;
				DEVELOPMENT_TEAM = R77BD8MPA8;
				ENABLE_PREVIEWS = YES;
				INFOPLIST_FILE = iOS/Info.plist;
				IPHONEOS_DEPLOYMENT_TARGET = 14.0;
				LD_RUNPATH_SEARCH_PATHS = (
					"$(inherited)",
					"@executable_path/Frameworks",
				);
				PRODUCT_BUNDLE_IDENTIFIER = "com.mazharul.huq.Color-View-Examples";
				PRODUCT_NAME = "Color View Examples";
				SDKROOT = iphoneos;
				SWIFT_VERSION = 5.0;
				TARGETED_DEVICE_FAMILY = "1,2";
			};
			name = Debug;
		};
		5122942A24FE7492008B9DB8 /* Release */ = {
			isa = XCBuildConfiguration;
			buildSettings = {
				ASSETCATALOG_COMPILER_APPICON_NAME = AppIcon;
				ASSETCATALOG_COMPILER_GLOBAL_ACCENT_COLOR_NAME = AccentColor;
				CODE_SIGN_STYLE = Automatic;
				DEVELOPMENT_TEAM = R77BD8MPA8;
				ENABLE_PREVIEWS = YES;
				INFOPLIST_FILE = iOS/Info.plist;
				IPHONEOS_DEPLOYMENT_TARGET = 14.0;
				LD_RUNPATH_SEARCH_PATHS = (
					"$(inherited)",
					"@executable_path/Frameworks",
				);
				PRODUCT_BUNDLE_IDENTIFIER = "com.mazharul.huq.Color-View-Examples";
				PRODUCT_NAME = "Color View Examples";
				SDKROOT = iphoneos;
				SWIFT_VERSION = 5.0;
				TARGETED_DEVICE_FAMILY = "1,2";
				VALIDATE_PRODUCT = YES;
			};
			name = Release;
		};
		5122942C24FE7492008B9DB8 /* Debug */ = {
			isa = XCBuildConfiguration;
			buildSettings = {
				ASSETCATALOG_COMPILER_APPICON_NAME = AppIcon;
				ASSETCATALOG_COMPILER_GLOBAL_ACCENT_COLOR_NAME = AccentColor;
				CODE_SIGN_ENTITLEMENTS = macOS/macOS.entitlements;
				CODE_SIGN_STYLE = Automatic;
				COMBINE_HIDPI_IMAGES = YES;
				DEVELOPMENT_TEAM = R77BD8MPA8;
				ENABLE_HARDENED_RUNTIME = YES;
				ENABLE_PREVIEWS = YES;
				INFOPLIST_FILE = macOS/Info.plist;
				LD_RUNPATH_SEARCH_PATHS = (
					"$(inherited)",
					"@executable_path/../Frameworks",
				);
				MACOSX_DEPLOYMENT_TARGET = 11.0;
				PRODUCT_BUNDLE_IDENTIFIER = "com.mazharul.huq.Color-View-Examples";
				PRODUCT_NAME = "Color View Examples";
				SDKROOT = macosx;
				SWIFT_VERSION = 5.0;
			};
			name = Debug;
		};
		5122942D24FE7492008B9DB8 /* Release */ = {
			isa = XCBuildConfiguration;
			buildSettings = {
				ASSETCATALOG_COMPILER_APPICON_NAME = AppIcon;
				ASSETCATALOG_COMPILER_GLOBAL_ACCENT_COLOR_NAME = AccentColor;
				CODE_SIGN_ENTITLEMENTS = macOS/macOS.entitlements;
				CODE_SIGN_STYLE = Automatic;
				COMBINE_HIDPI_IMAGES = YES;
				DEVELOPMENT_TEAM = R77BD8MPA8;
				ENABLE_HARDENED_RUNTIME = YES;
				ENABLE_PREVIEWS = YES;
				INFOPLIST_FILE = macOS/Info.plist;
				LD_RUNPATH_SEARCH_PATHS = (
					"$(inherited)",
					"@executable_path/../Frameworks",
				);
				MACOSX_DEPLOYMENT_TARGET = 11.0;
				PRODUCT_BUNDLE_IDENTIFIER = "com.mazharul.huq.Color-View-Examples";
				PRODUCT_NAME = "Color View Examples";
				SDKROOT = macosx;
				SWIFT_VERSION = 5.0;
			};
			name = Release;
		};
/* End XCBuildConfiguration section */

/* Begin XCConfigurationList section */
		5122940B24FE7490008B9DB8 /* Build configuration list for PBXProject "Color View Examples" */ = {
			isa = XCConfigurationList;
			buildConfigurations = (
				5122942624FE7492008B9DB8 /* Debug */,
				5122942724FE7492008B9DB8 /* Release */,
			);
			defaultConfigurationIsVisible = 0;
			defaultConfigurationName = Release;
		};
		5122942824FE7492008B9DB8 /* Build configuration list for PBXNativeTarget "Color View Examples (iOS)" */ = {
			isa = XCConfigurationList;
			buildConfigurations = (
				5122942924FE7492008B9DB8 /* Debug */,
				5122942A24FE7492008B9DB8 /* Release */,
			);
			defaultConfigurationIsVisible = 0;
			defaultConfigurationName = Release;
		};
		5122942B24FE7492008B9DB8 /* Build configuration list for PBXNativeTarget "Color View Examples (macOS)" */ = {
			isa = XCConfigurationList;
			buildConfigurations = (
				5122942C24FE7492008B9DB8 /* Debug */,
				5122942D24FE7492008B9DB8 /* Release */,
			);
			defaultConfigurationIsVisible = 0;
			defaultConfigurationName = Release;
		};
/* End XCConfigurationList section */
	};
	rootObject = 5122940824FE7490008B9DB8 /* Project object */;
}
