// !$*UTF8*$!
{
	archiveVersion = 1;
	classes = {
	};
	objectVersion = 50;
	objects = {

/* Begin PBXBuildFile section */
		5122948324FF160C008B9DB8 /* Transformed_ShapesApp.swift in Sources */ = {isa = PBXBuildFile; fileRef = 5122947024FF1608008B9DB8 /* Transformed_ShapesApp.swift */; };
		5122948424FF160C008B9DB8 /* Transformed_ShapesApp.swift in Sources */ = {isa = PBXBuildFile; fileRef = 5122947024FF1608008B9DB8 /* Transformed_ShapesApp.swift */; };
		5122948524FF160C008B9DB8 /* ContentView.swift in Sources */ = {isa = PBXBuildFile; fileRef = 5122947124FF1608008B9DB8 /* ContentView.swift */; };
		5122948624FF160C008B9DB8 /* ContentView.swift in Sources */ = {isa = PBXBuildFile; fileRef = 5122947124FF1608008B9DB8 /* ContentView.swift */; };
		5122948724FF160C008B9DB8 /* Assets.xcassets in Resources */ = {isa = PBXBuildFile; fileRef = 5122947224FF160C008B9DB8 /* Assets.xcassets */; };
		5122948824FF160C008B9DB8 /* Assets.xcassets in Resources */ = {isa = PBXBuildFile; fileRef = 5122947224FF160C008B9DB8 /* Assets.xcassets */; };
		5122949224FF165B008B9DB8 /* TitleView.swift in Sources */ = {isa = PBXBuildFile; fileRef = 5122949124FF165B008B9DB8 /* TitleView.swift */; };
		5122949324FF165B008B9DB8 /* TitleView.swift in Sources */ = {isa = PBXBuildFile; fileRef = 5122949124FF165B008B9DB8 /* TitleView.swift */; };
/* End PBXBuildFile section */

/* Begin PBXFileReference section */
		5122947024FF1608008B9DB8 /* Transformed_ShapesApp.swift */ = {isa = PBXFileReference; lastKnownFileType = sourcecode.swift; path = Transformed_ShapesApp.swift; sourceTree = "<group>"; };
		5122947124FF1608008B9DB8 /* ContentView.swift */ = {isa = PBXFileReference; lastKnownFileType = sourcecode.swift; path = ContentView.swift; sourceTree = "<group>"; };
		5122947224FF160C008B9DB8 /* Assets.xcassets */ = {isa = PBXFileReference; lastKnownFileType = folder.assetcatalog; path = Assets.xcassets; sourceTree = "<group>"; };
		5122947724FF160C008B9DB8 /* Transformed Shapes.app */ = {isa = PBXFileReference; explicitFileType = wrapper.application; includeInIndex = 0; path = "Transformed Shapes.app"; sourceTree = BUILT_PRODUCTS_DIR; };
		5122947A24FF160C008B9DB8 /* Info.plist */ = {isa = PBXFileReference; lastKnownFileType = text.plist.xml; path = Info.plist; sourceTree = "<group>"; };
		5122947F24FF160C008B9DB8 /* Transformed Shapes.app */ = {isa = PBXFileReference; explicitFileType = wrapper.application; includeInIndex = 0; path = "Transformed Shapes.app"; sourceTree = BUILT_PRODUCTS_DIR; };
		5122948124FF160C008B9DB8 /* Info.plist */ = {isa = PBXFileReference; lastKnownFileType = text.plist.xml; path = Info.plist; sourceTree = "<group>"; };
		5122948224FF160C008B9DB8 /* macOS.entitlements */ = {isa = PBXFileReference; lastKnownFileType = text.plist.entitlements; path = macOS.entitlements; sourceTree = "<group>"; };
		5122949124FF165B008B9DB8 /* TitleView.swift */ = {isa = PBXFileReference; fileEncoding = 4; lastKnownFileType = sourcecode.swift; path = TitleView.swift; sourceTree = "<group>"; };
/* End PBXFileReference section */

/* Begin PBXFrameworksBuildPhase section */
		5122947424FF160C008B9DB8 /* Frameworks */ = {
			isa = PBXFrameworksBuildPhase;
			buildActionMask = 2147483647;
			files = (
			);
			runOnlyForDeploymentPostprocessing = 0;
		};
		5122947C24FF160C008B9DB8 /* Frameworks */ = {
			isa = PBXFrameworksBuildPhase;
			buildActionMask = 2147483647;
			files = (
			);
			runOnlyForDeploymentPostprocessing = 0;
		};
/* End PBXFrameworksBuildPhase section */

/* Begin PBXGroup section */
		5122946A24FF1608008B9DB8 = {
			isa = PBXGroup;
			children = (
				5122946F24FF1608008B9DB8 /* Shared */,
				5122947924FF160C008B9DB8 /* iOS */,
				5122948024FF160C008B9DB8 /* macOS */,
				5122947824FF160C008B9DB8 /* Products */,
			);
			sourceTree = "<group>";
		};
		5122946F24FF1608008B9DB8 /* Shared */ = {
			isa = PBXGroup;
			children = (
				5122947024FF1608008B9DB8 /* Transformed_ShapesApp.swift */,
				5122947124FF1608008B9DB8 /* ContentView.swift */,
				5122949124FF165B008B9DB8 /* TitleView.swift */,
				5122947224FF160C008B9DB8 /* Assets.xcassets */,
			);
			path = Shared;
			sourceTree = "<group>";
		};
		5122947824FF160C008B9DB8 /* Products */ = {
			isa = PBXGroup;
			children = (
				5122947724FF160C008B9DB8 /* Transformed Shapes.app */,
				5122947F24FF160C008B9DB8 /* Transformed Shapes.app */,
			);
			name = Products;
			sourceTree = "<group>";
		};
		5122947924FF160C008B9DB8 /* iOS */ = {
			isa = PBXGroup;
			children = (
				5122947A24FF160C008B9DB8 /* Info.plist */,
			);
			path = iOS;
			sourceTree = "<group>";
		};
		5122948024FF160C008B9DB8 /* macOS */ = {
			isa = PBXGroup;
			children = (
				5122948124FF160C008B9DB8 /* Info.plist */,
				5122948224FF160C008B9DB8 /* macOS.entitlements */,
			);
			path = macOS;
			sourceTree = "<group>";
		};
/* End PBXGroup section */

/* Begin PBXNativeTarget section */
		5122947624FF160C008B9DB8 /* Transformed Shapes (iOS) */ = {
			isa = PBXNativeTarget;
			buildConfigurationList = 5122948B24FF160C008B9DB8 /* Build configuration list for PBXNativeTarget "Transformed Shapes (iOS)" */;
			buildPhases = (
				5122947324FF160C008B9DB8 /* Sources */,
				5122947424FF160C008B9DB8 /* Frameworks */,
				5122947524FF160C008B9DB8 /* Resources */,
			);
			buildRules = (
			);
			dependencies = (
			);
			name = "Transformed Shapes (iOS)";
			productName = "Transformed Shapes (iOS)";
			productReference = 5122947724FF160C008B9DB8 /* Transformed Shapes.app */;
			productType = "com.apple.product-type.application";
		};
		5122947E24FF160C008B9DB8 /* Transformed Shapes (macOS) */ = {
			isa = PBXNativeTarget;
			buildConfigurationList = 5122948E24FF160C008B9DB8 /* Build configuration list for PBXNativeTarget "Transformed Shapes (macOS)" */;
			buildPhases = (
				5122947B24FF160C008B9DB8 /* Sources */,
				5122947C24FF160C008B9DB8 /* Frameworks */,
				5122947D24FF160C008B9DB8 /* Resources */,
			);
			buildRules = (
			);
			dependencies = (
			);
			name = "Transformed Shapes (macOS)";
			productName = "Transformed Shapes (macOS)";
			productReference = 5122947F24FF160C008B9DB8 /* Transformed Shapes.app */;
			productType = "com.apple.product-type.application";
		};
/* End PBXNativeTarget section */

/* Begin PBXProject section */
		5122946B24FF1608008B9DB8 /* Project object */ = {
			isa = PBXProject;
			attributes = {
				LastSwiftUpdateCheck = 1200;
				LastUpgradeCheck = 1200;
				TargetAttributes = {
					5122947624FF160C008B9DB8 = {
						CreatedOnToolsVersion = 12.0;
					};
					5122947E24FF160C008B9DB8 = {
						CreatedOnToolsVersion = 12.0;
					};
				};
			};
			buildConfigurationList = 5122946E24FF1608008B9DB8 /* Build configuration list for PBXProject "Transformed Shapes" */;
			compatibilityVersion = "Xcode 9.3";
			developmentRegion = en;
			hasScannedForEncodings = 0;
			knownRegions = (
				en,
				Base,
			);
			mainGroup = 5122946A24FF1608008B9DB8;
			productRefGroup = 5122947824FF160C008B9DB8 /* Products */;
			projectDirPath = "";
			projectRoot = "";
			targets = (
				5122947624FF160C008B9DB8 /* Transformed Shapes (iOS) */,
				5122947E24FF160C008B9DB8 /* Transformed Shapes (macOS) */,
			);
		};
/* End PBXProject section */

/* Begin PBXResourcesBuildPhase section */
		5122947524FF160C008B9DB8 /* Resources */ = {
			isa = PBXResourcesBuildPhase;
			buildActionMask = 2147483647;
			files = (
				5122948724FF160C008B9DB8 /* Assets.xcassets in Resources */,
			);
			runOnlyForDeploymentPostprocessing = 0;
		};
		5122947D24FF160C008B9DB8 /* Resources */ = {
			isa = PBXResourcesBuildPhase;
			buildActionMask = 2147483647;
			files = (
				5122948824FF160C008B9DB8 /* Assets.xcassets in Resources */,
			);
			runOnlyForDeploymentPostprocessing = 0;
		};
/* End PBXResourcesBuildPhase section */

/* Begin PBXSourcesBuildPhase section */
		5122947324FF160C008B9DB8 /* Sources */ = {
			isa = PBXSourcesBuildPhase;
			buildActionMask = 2147483647;
			files = (
				5122948524FF160C008B9DB8 /* ContentView.swift in Sources */,
				5122948324FF160C008B9DB8 /* Transformed_ShapesApp.swift in Sources */,
				5122949224FF165B008B9DB8 /* TitleView.swift in Sources */,
			);
			runOnlyForDeploymentPostprocessing = 0;
		};
		5122947B24FF160C008B9DB8 /* Sources */ = {
			isa = PBXSourcesBuildPhase;
			buildActionMask = 2147483647;
			files = (
				5122948624FF160C008B9DB8 /* ContentView.swift in Sources */,
				5122948424FF160C008B9DB8 /* Transformed_ShapesApp.swift in Sources */,
				5122949324FF165B008B9DB8 /* TitleView.swift in Sources */,
			);
			runOnlyForDeploymentPostprocessing = 0;
		};
/* End PBXSourcesBuildPhase section */

/* Begin XCBuildConfiguration section */
		5122948924FF160C008B9DB8 /* Debug */ = {
			isa = XCBuildConfiguration;
			buildSettings = {
				ALWAYS_SEARCH_USER_PATHS = NO;
				CLANG_ANALYZER_NONNULL = YES;
				CLANG_ANALYZER_NUMBER_OBJECT_CONVERSION = YES_AGGRESSIVE;
				CLANG_CXX_LANGUAGE_STANDARD = "gnu++14";
				CLANG_CXX_LIBRARY = "libc++";
				CLANG_ENABLE_MODULES = YES;
				CLANG_ENABLE_OBJC_ARC = YES;
				CLANG_ENABLE_OBJC_WEAK = YES;
				CLANG_WARN_BLOCK_CAPTURE_AUTORELEASING = YES;
				CLANG_WARN_BOOL_CONVERSION = YES;
				CLANG_WARN_COMMA = YES;
				CLANG_WARN_CONSTANT_CONVERSION = YES;
				CLANG_WARN_DEPRECATED_OBJC_IMPLEMENTATIONS = YES;
				CLANG_WARN_DIRECT_OBJC_ISA_USAGE = YES_ERROR;
				CLANG_WARN_DOCUMENTATION_COMMENTS = YES;
				CLANG_WARN_EMPTY_BODY = YES;
				CLANG_WARN_ENUM_CONVERSION = YES;
				CLANG_WARN_INFINITE_RECURSION = YES;
				CLANG_WARN_INT_CONVERSION = YES;
				CLANG_WARN_NON_LITERAL_NULL_CONVERSION = YES;
				CLANG_WARN_OBJC_IMPLICIT_RETAIN_SELF = YES;
				CLANG_WARN_OBJC_LITERAL_CONVERSION = YES;
				CLANG_WARN_OBJC_ROOT_CLASS = YES_ERROR;
				CLANG_WARN_QUOTED_INCLUDE_IN_FRAMEWORK_HEADER = YES;
				CLANG_WARN_RANGE_LOOP_ANALYSIS = YES;
				CLANG_WARN_STRICT_PROTOTYPES = YES;
				CLANG_WARN_SUSPICIOUS_MOVE = YES;
				CLANG_WARN_UNGUARDED_AVAILABILITY = YES_AGGRESSIVE;
				CLANG_WARN_UNREACHABLE_CODE = YES;
				CLANG_WARN__DUPLICATE_METHOD_MATCH = YES;
				COPY_PHASE_STRIP = NO;
				DEBUG_INFORMATION_FORMAT = dwarf;
				ENABLE_STRICT_OBJC_MSGSEND = YES;
				ENABLE_TESTABILITY = YES;
				GCC_C_LANGUAGE_STANDARD = gnu11;
				GCC_DYNAMIC_NO_PIC = NO;
				GCC_NO_COMMON_BLOCKS = YES;
				GCC_OPTIMIZATION_LEVEL = 0;
				GCC_PREPROCESSOR_DEFINITIONS = (
					"DEBUG=1",
					"$(inherited)",
				);
				GCC_WARN_64_TO_32_BIT_CONVERSION = YES;
				GCC_WARN_ABOUT_RETURN_TYPE = YES_ERROR;
				GCC_WARN_UNDECLARED_SELECTOR = YES;
				GCC_WARN_UNINITIALIZED_AUTOS = YES_AGGRESSIVE;
				GCC_WARN_UNUSED_FUNCTION = YES;
				GCC_WARN_UNUSED_VARIABLE = YES;
				MTL_ENABLE_DEBUG_INFO = INCLUDE_SOURCE;
				MTL_FAST_MATH = YES;
				ONLY_ACTIVE_ARCH = YES;
				SWIFT_ACTIVE_COMPILATION_CONDITIONS = DEBUG;
				SWIFT_OPTIMIZATION_LEVEL = "-Onone";
			};
			name = Debug;
		};
		5122948A24FF160C008B9DB8 /* Release */ = {
			isa = XCBuildConfiguration;
			buildSettings = {
				ALWAYS_SEARCH_USER_PATHS = NO;
				CLANG_ANALYZER_NONNULL = YES;
				CLANG_ANALYZER_NUMBER_OBJECT_CONVERSION = YES_AGGRESSIVE;
				CLANG_CXX_LANGUAGE_STANDARD = "gnu++14";
				CLANG_CXX_LIBRARY = "libc++";
				CLANG_ENABLE_MODULES = YES;
				CLANG_ENABLE_OBJC_ARC = YES;
				CLANG_ENABLE_OBJC_WEAK = YES;
				CLANG_WARN_BLOCK_CAPTURE_AUTORELEASING = YES;
				CLANG_WARN_BOOL_CONVERSION = YES;
				CLANG_WARN_COMMA = YES;
				CLANG_WARN_CONSTANT_CONVERSION = YES;
				CLANG_WARN_DEPRECATED_OBJC_IMPLEMENTATIONS = YES;
				CLANG_WARN_DIRECT_OBJC_ISA_USAGE = YES_ERROR;
				CLANG_WARN_DOCUMENTATION_COMMENTS = YES;
				CLANG_WARN_EMPTY_BODY = YES;
				CLANG_WARN_ENUM_CONVERSION = YES;
				CLANG_WARN_INFINITE_RECURSION = YES;
				CLANG_WARN_INT_CONVERSION = YES;
				CLANG_WARN_NON_LITERAL_NULL_CONVERSION = YES;
				CLANG_WARN_OBJC_IMPLICIT_RETAIN_SELF = YES;
				CLANG_WARN_OBJC_LITERAL_CONVERSION = YES;
				CLANG_WARN_OBJC_ROOT_CLASS = YES_ERROR;
				CLANG_WARN_QUOTED_INCLUDE_IN_FRAMEWORK_HEADER = YES;
				CLANG_WARN_RANGE_LOOP_ANALYSIS = YES;
				CLANG_WARN_STRICT_PROTOTYPES = YES;
				CLANG_WARN_SUSPICIOUS_MOVE = YES;
				CLANG_WARN_UNGUARDED_AVAILABILITY = YES_AGGRESSIVE;
				CLANG_WARN_UNREACHABLE_CODE = YES;
				CLANG_WARN__DUPLICATE_METHOD_MATCH = YES;
				COPY_PHASE_STRIP = NO;
				DEBUG_INFORMATION_FORMAT = "dwarf-with-dsym";
				ENABLE_NS_ASSERTIONS = NO;
				ENABLE_STRICT_OBJC_MSGSEND = YES;
				GCC_C_LANGUAGE_STANDARD = gnu11;
				GCC_NO_COMMON_BLOCKS = YES;
				GCC_WARN_64_TO_32_BIT_CONVERSION = YES;
				GCC_WARN_ABOUT_RETURN_TYPE = YES_ERROR;
				GCC_WARN_UNDECLARED_SELECTOR = YES;
				GCC_WARN_UNINITIALIZED_AUTOS = YES_AGGRESSIVE;
				GCC_WARN_UNUSED_FUNCTION = YES;
				GCC_WARN_UNUSED_VARIABLE = YES;
				MTL_ENABLE_DEBUG_INFO = NO;
				MTL_FAST_MATH = YES;
				SWIFT_COMPILATION_MODE = wholemodule;
				SWIFT_OPTIMIZATION_LEVEL = "-O";
			};
			name = Release;
		};
		5122948C24FF160C008B9DB8 /* Debug */ = {
			isa = XCBuildConfiguration;
			buildSettings = {
				ASSETCATALOG_COMPILER_APPICON_NAME = AppIcon;
				ASSETCATALOG_COMPILER_GLOBAL_ACCENT_COLOR_NAME = AccentColor;
				CODE_SIGN_STYLE = Automatic;
				DEVELOPMENT_TEAM = R77BD8MPA8;
				ENABLE_PREVIEWS = YES;
				INFOPLIST_FILE = iOS/Info.plist;
				IPHONEOS_DEPLOYMENT_TARGET = 14.0;
				LD_RUNPATH_SEARCH_PATHS = (
					"$(inherited)",
					"@executable_path/Frameworks",
				);
				PRODUCT_BUNDLE_IDENTIFIER = "com.mazharul.huq.Transformed-Shapes";
				PRODUCT_NAME = "Transformed Shapes";
				SDKROOT = iphoneos;
				SWIFT_VERSION = 5.0;
				TARGETED_DEVICE_FAMILY = "1,2";
			};
			name = Debug;
		};
		5122948D24FF160C008B9DB8 /* Release */ = {
			isa = XCBuildConfiguration;
			buildSettings = {
				ASSETCATALOG_COMPILER_APPICON_NAME = AppIcon;
				ASSETCATALOG_COMPILER_GLOBAL_ACCENT_COLOR_NAME = AccentColor;
				CODE_SIGN_STYLE = Automatic;
				DEVELOPMENT_TEAM = R77BD8MPA8;
				ENABLE_PREVIEWS = YES;
				INFOPLIST_FILE = iOS/Info.plist;
				IPHONEOS_DEPLOYMENT_TARGET = 14.0;
				LD_RUNPATH_SEARCH_PATHS = (
					"$(inherited)",
					"@executable_path/Frameworks",
				);
				PRODUCT_BUNDLE_IDENTIFIER = "com.mazharul.huq.Transformed-Shapes";
				PRODUCT_NAME = "Transformed Shapes";
				SDKROOT = iphoneos;
				SWIFT_VERSION = 5.0;
				TARGETED_DEVICE_FAMILY = "1,2";
				VALIDATE_PRODUCT = YES;
			};
			name = Release;
		};
		5122948F24FF160C008B9DB8 /* Debug */ = {
			isa = XCBuildConfiguration;
			buildSettings = {
				ASSETCATALOG_COMPILER_APPICON_NAME = AppIcon;
				ASSETCATALOG_COMPILER_GLOBAL_ACCENT_COLOR_NAME = AccentColor;
				CODE_SIGN_ENTITLEMENTS = macOS/macOS.entitlements;
				CODE_SIGN_STYLE = Automatic;
				COMBINE_HIDPI_IMAGES = YES;
				DEVELOPMENT_TEAM = R77BD8MPA8;
				ENABLE_HARDENED_RUNTIME = YES;
				ENABLE_PREVIEWS = YES;
				INFOPLIST_FILE = macOS/Info.plist;
				LD_RUNPATH_SEARCH_PATHS = (
					"$(inherited)",
					"@executable_path/../Frameworks",
				);
				MACOSX_DEPLOYMENT_TARGET = 11.0;
				PRODUCT_BUNDLE_IDENTIFIER = "com.mazharul.huq.Transformed-Shapes";
				PRODUCT_NAME = "Transformed Shapes";
				SDKROOT = macosx;
				SWIFT_VERSION = 5.0;
			};
			name = Debug;
		};
		5122949024FF160C008B9DB8 /* Release */ = {
			isa = XCBuildConfiguration;
			buildSettings = {
				ASSETCATALOG_COMPILER_APPICON_NAME = AppIcon;
				ASSETCATALOG_COMPILER_GLOBAL_ACCENT_COLOR_NAME = AccentColor;
				CODE_SIGN_ENTITLEMENTS = macOS/macOS.entitlements;
				CODE_SIGN_STYLE = Automatic;
				COMBINE_HIDPI_IMAGES = YES;
				DEVELOPMENT_TEAM = R77BD8MPA8;
				ENABLE_HARDENED_RUNTIME = YES;
				ENABLE_PREVIEWS = YES;
				INFOPLIST_FILE = macOS/Info.plist;
				LD_RUNPATH_SEARCH_PATHS = (
					"$(inherited)",
					"@executable_path/../Frameworks",
				);
				MACOSX_DEPLOYMENT_TARGET = 11.0;
				PRODUCT_BUNDLE_IDENTIFIER = "com.mazharul.huq.Transformed-Shapes";
				PRODUCT_NAME = "Transformed Shapes";
				SDKROOT = macosx;
				SWIFT_VERSION = 5.0;
			};
			name = Release;
		};
/* End XCBuildConfiguration section */

/* Begin XCConfigurationList section */
		5122946E24FF1608008B9DB8 /* Build configuration list for PBXProject "Transformed Shapes" */ = {
			isa = XCConfigurationList;
			buildConfigurations = (
				5122948924FF160C008B9DB8 /* Debug */,
				5122948A24FF160C008B9DB8 /* Release */,
			);
			defaultConfigurationIsVisible = 0;
			defaultConfigurationName = Release;
		};
		5122948B24FF160C008B9DB8 /* Build configuration list for PBXNativeTarget "Transformed Shapes (iOS)" */ = {
			isa = XCConfigurationList;
			buildConfigurations = (
				5122948C24FF160C008B9DB8 /* Debug */,
				5122948D24FF160C008B9DB8 /* Release */,
			);
			defaultConfigurationIsVisible = 0;
			defaultConfigurationName = Release;
		};
		5122948E24FF160C008B9DB8 /* Build configuration list for PBXNativeTarget "Transformed Shapes (macOS)" */ = {
			isa = XCConfigurationList;
			buildConfigurations = (
				5122948F24FF160C008B9DB8 /* Debug */,
				5122949024FF160C008B9DB8 /* Release */,
			);
			defaultConfigurationIsVisible = 0;
			defaultConfigurationName = Release;
		};
/* End XCConfigurationList section */
	};
	rootObject = 5122946B24FF1608008B9DB8 /* Project object */;
}
